// !$*UTF8*$!
{
	archiveVersion = 1;
	classes = {
	};
	objectVersion = 50;
	objects = {

/* Begin PBXBuildFile section */
		02330C7D22C522F100E5494B /* AppDelegate.swift in Sources */ = {isa = PBXBuildFile; fileRef = 02330C7C22C522F100E5494B /* AppDelegate.swift */; };
		02330C7F22C522F100E5494B /* DetailViewController.swift in Sources */ = {isa = PBXBuildFile; fileRef = 02330C7E22C522F100E5494B /* DetailViewController.swift */; };
		02330C8222C522F100E5494B /* Main.storyboard in Resources */ = {isa = PBXBuildFile; fileRef = 02330C8022C522F100E5494B /* Main.storyboard */; };
		02330C8522C522F100E5494B /* iDogs.xcdatamodeld in Sources */ = {isa = PBXBuildFile; fileRef = 02330C8322C522F100E5494B /* iDogs.xcdatamodeld */; };
		02330C8722C522F400E5494B /* Assets.xcassets in Resources */ = {isa = PBXBuildFile; fileRef = 02330C8622C522F400E5494B /* Assets.xcassets */; };
		02330C8A22C522F400E5494B /* LaunchScreen.storyboard in Resources */ = {isa = PBXBuildFile; fileRef = 02330C8822C522F400E5494B /* LaunchScreen.storyboard */; };
		02330C9222C525C200E5494B /* DogViewController.swift in Sources */ = {isa = PBXBuildFile; fileRef = 02330C9122C525C200E5494B /* DogViewController.swift */; };
		02330C9422C5270800E5494B /* UserInteractionDao.swift in Sources */ = {isa = PBXBuildFile; fileRef = 02330C9322C5270800E5494B /* UserInteractionDao.swift */; };
		02330C9822C5289300E5494B /* Dog.swift in Sources */ = {isa = PBXBuildFile; fileRef = 02330C9722C5289300E5494B /* Dog.swift */; };
		02330C9A22C52AFD00E5494B /* DogCell.swift in Sources */ = {isa = PBXBuildFile; fileRef = 02330C9922C52AFD00E5494B /* DogCell.swift */; };
		02330C9C22C538A800E5494B /* StatsViewController.swift in Sources */ = {isa = PBXBuildFile; fileRef = 02330C9B22C538A800E5494B /* StatsViewController.swift */; };
/* End PBXBuildFile section */

/* Begin PBXFileReference section */
		02330C7922C522F100E5494B /* iDogs.app */ = {isa = PBXFileReference; explicitFileType = wrapper.application; includeInIndex = 0; path = iDogs.app; sourceTree = BUILT_PRODUCTS_DIR; };
		02330C7C22C522F100E5494B /* AppDelegate.swift */ = {isa = PBXFileReference; lastKnownFileType = sourcecode.swift; path = AppDelegate.swift; sourceTree = "<group>"; };
		02330C7E22C522F100E5494B /* DetailViewController.swift */ = {isa = PBXFileReference; lastKnownFileType = sourcecode.swift; path = DetailViewController.swift; sourceTree = "<group>"; };
		02330C8122C522F100E5494B /* Base */ = {isa = PBXFileReference; lastKnownFileType = file.storyboard; name = Base; path = Base.lproj/Main.storyboard; sourceTree = "<group>"; };
		02330C8422C522F100E5494B /* iDogs.xcdatamodel */ = {isa = PBXFileReference; lastKnownFileType = wrapper.xcdatamodel; path = iDogs.xcdatamodel; sourceTree = "<group>"; };
		02330C8622C522F400E5494B /* Assets.xcassets */ = {isa = PBXFileReference; lastKnownFileType = folder.assetcatalog; path = Assets.xcassets; sourceTree = "<group>"; };
		02330C8922C522F400E5494B /* Base */ = {isa = PBXFileReference; lastKnownFileType = file.storyboard; name = Base; path = Base.lproj/LaunchScreen.storyboard; sourceTree = "<group>"; };
		02330C8B22C522F400E5494B /* Info.plist */ = {isa = PBXFileReference; lastKnownFileType = text.plist.xml; path = Info.plist; sourceTree = "<group>"; };
		02330C9122C525C200E5494B /* DogViewController.swift */ = {isa = PBXFileReference; lastKnownFileType = sourcecode.swift; path = DogViewController.swift; sourceTree = "<group>"; };
		02330C9322C5270800E5494B /* UserInteractionDao.swift */ = {isa = PBXFileReference; lastKnownFileType = sourcecode.swift; path = UserInteractionDao.swift; sourceTree = "<group>"; };
		02330C9722C5289300E5494B /* Dog.swift */ = {isa = PBXFileReference; lastKnownFileType = sourcecode.swift; path = Dog.swift; sourceTree = "<group>"; };
		02330C9922C52AFD00E5494B /* DogCell.swift */ = {isa = PBXFileReference; lastKnownFileType = sourcecode.swift; path = DogCell.swift; sourceTree = "<group>"; };
		02330C9B22C538A800E5494B /* StatsViewController.swift */ = {isa = PBXFileReference; lastKnownFileType = sourcecode.swift; path = StatsViewController.swift; sourceTree = "<group>"; };
/* End PBXFileReference section */

/* Begin PBXFrameworksBuildPhase section */
		02330C7622C522F100E5494B /* Frameworks */ = {
			isa = PBXFrameworksBuildPhase;
			buildActionMask = 2147483647;
			files = (
			);
			runOnlyForDeploymentPostprocessing = 0;
		};
/* End PBXFrameworksBuildPhase section */

/* Begin PBXGroup section */
		02330C7022C522F100E5494B = {
			isa = PBXGroup;
			children = (
				02330C7B22C522F100E5494B /* iDogs */,
				02330C7A22C522F100E5494B /* Products */,
			);
			sourceTree = "<group>";
		};
		02330C7A22C522F100E5494B /* Products */ = {
			isa = PBXGroup;
			children = (
				02330C7922C522F100E5494B /* iDogs.app */,
			);
			name = Products;
			sourceTree = "<group>";
		};
		02330C7B22C522F100E5494B /* iDogs */ = {
			isa = PBXGroup;
			children = (
				02330C7C22C522F100E5494B /* AppDelegate.swift */,
				02330C7E22C522F100E5494B /* DetailViewController.swift */,
				02330C9B22C538A800E5494B /* StatsViewController.swift */,
				02330C9122C525C200E5494B /* DogViewController.swift */,
				02330C9922C52AFD00E5494B /* DogCell.swift */,
				02330C9322C5270800E5494B /* UserInteractionDao.swift */,
				02330C9722C5289300E5494B /* Dog.swift */,
				02330C8022C522F100E5494B /* Main.storyboard */,
				02330C8622C522F400E5494B /* Assets.xcassets */,
				02330C8822C522F400E5494B /* LaunchScreen.storyboard */,
				02330C8B22C522F400E5494B /* Info.plist */,
				02330C8322C522F100E5494B /* iDogs.xcdatamodeld */,
			);
			path = iDogs;
			sourceTree = "<group>";
		};
/* End PBXGroup section */

/* Begin PBXNativeTarget section */
		02330C7822C522F100E5494B /* iDogs */ = {
			isa = PBXNativeTarget;
			buildConfigurationList = 02330C8E22C522F400E5494B /* Build configuration list for PBXNativeTarget "iDogs" */;
			buildPhases = (
				02330C7522C522F100E5494B /* Sources */,
				02330C7622C522F100E5494B /* Frameworks */,
				02330C7722C522F100E5494B /* Resources */,
			);
			buildRules = (
			);
			dependencies = (
			);
			name = iDogs;
			productName = iDogs;
			productReference = 02330C7922C522F100E5494B /* iDogs.app */;
			productType = "com.apple.product-type.application";
		};
/* End PBXNativeTarget section */

/* Begin PBXProject section */
		02330C7122C522F100E5494B /* Project object */ = {
			isa = PBXProject;
			attributes = {
				LastSwiftUpdateCheck = 1020;
				LastUpgradeCheck = 1020;
				ORGANIZATIONNAME = "Minh Le";
				TargetAttributes = {
					02330C7822C522F100E5494B = {
						CreatedOnToolsVersion = 10.2;
					};
				};
			};
			buildConfigurationList = 02330C7422C522F100E5494B /* Build configuration list for PBXProject "iDogs" */;
			compatibilityVersion = "Xcode 9.3";
			developmentRegion = en;
			hasScannedForEncodings = 0;
			knownRegions = (
				en,
				Base,
			);
			mainGroup = 02330C7022C522F100E5494B;
			productRefGroup = 02330C7A22C522F100E5494B /* Products */;
			projectDirPath = "";
			projectRoot = "";
			targets = (
				02330C7822C522F100E5494B /* iDogs */,
			);
		};
/* End PBXProject section */

/* Begin PBXResourcesBuildPhase section */
		02330C7722C522F100E5494B /* Resources */ = {
			isa = PBXResourcesBuildPhase;
			buildActionMask = 2147483647;
			files = (
				02330C8A22C522F400E5494B /* LaunchScreen.storyboard in Resources */,
				02330C8722C522F400E5494B /* Assets.xcassets in Resources */,
				02330C8222C522F100E5494B /* Main.storyboard in Resources */,
			);
			runOnlyForDeploymentPostprocessing = 0;
		};
/* End PBXResourcesBuildPhase section */

/* Begin PBXSourcesBuildPhase section */
		02330C7522C522F100E5494B /* Sources */ = {
			isa = PBXSourcesBuildPhase;
			buildActionMask = 2147483647;
			files = (
				02330C7F22C522F100E5494B /* DetailViewController.swift in Sources */,
				02330C8522C522F100E5494B /* iDogs.xcdatamodeld in Sources */,
				02330C9C22C538A800E5494B /* StatsViewController.swift in Sources */,
				02330C9822C5289300E5494B /* Dog.swift in Sources */,
				02330C7D22C522F100E5494B /* AppDelegate.swift in Sources */,
				02330C9422C5270800E5494B /* UserInteractionDao.swift in Sources */,
				02330C9A22C52AFD00E5494B /* DogCell.swift in Sources */,
				02330C9222C525C200E5494B /* DogViewController.swift in Sources */,
			);
			runOnlyForDeploymentPostprocessing = 0;
		};
/* End PBXSourcesBuildPhase section */

/* Begin PBXVariantGroup section */
		02330C8022C522F100E5494B /* Main.storyboard */ = {
			isa = PBXVariantGroup;
			children = (
				02330C8122C522F100E5494B /* Base */,
			);
			name = Main.storyboard;
			sourceTree = "<group>";
		};
		02330C8822C522F400E5494B /* LaunchScreen.storyboard */ = {
			isa = PBXVariantGroup;
			children = (
				02330C8922C522F400E5494B /* Base */,
			);
			name = LaunchScreen.storyboard;
			sourceTree = "<group>";
		};
/* End PBXVariantGroup section */

/* Begin XCBuildConfiguration section */
		02330C8C22C522F400E5494B /* Debug */ = {
			isa = XCBuildConfiguration;
			buildSettings = {
				ALWAYS_SEARCH_USER_PATHS = NO;
				CLANG_ANALYZER_NONNULL = YES;
				CLANG_ANALYZER_NUMBER_OBJECT_CONVERSION = YES_AGGRESSIVE;
				CLANG_CXX_LANGUAGE_STANDARD = "gnu++14";
				CLANG_CXX_LIBRARY = "libc++";
				CLANG_ENABLE_MODULES = YES;
				CLANG_ENABLE_OBJC_ARC = YES;
				CLANG_ENABLE_OBJC_WEAK = YES;
				CLANG_WARN_BLOCK_CAPTURE_AUTORELEASING = YES;
				CLANG_WARN_BOOL_CONVERSION = YES;
				CLANG_WARN_COMMA = YES;
				CLANG_WARN_CONSTANT_CONVERSION = YES;
				CLANG_WARN_DEPRECATED_OBJC_IMPLEMENTATIONS = YES;
				CLANG_WARN_DIRECT_OBJC_ISA_USAGE = YES_ERROR;
				CLANG_WARN_DOCUMENTATION_COMMENTS = YES;
				CLANG_WARN_EMPTY_BODY = YES;
				CLANG_WARN_ENUM_CONVERSION = YES;
				CLANG_WARN_INFINITE_RECURSION = YES;
				CLANG_WARN_INT_CONVERSION = YES;
				CLANG_WARN_NON_LITERAL_NULL_CONVERSION = YES;
				CLANG_WARN_OBJC_IMPLICIT_RETAIN_SELF = YES;
				CLANG_WARN_OBJC_LITERAL_CONVERSION = YES;
				CLANG_WARN_OBJC_ROOT_CLASS = YES_ERROR;
				CLANG_WARN_RANGE_LOOP_ANALYSIS = YES;
				CLANG_WARN_STRICT_PROTOTYPES = YES;
				CLANG_WARN_SUSPICIOUS_MOVE = YES;
				CLANG_WARN_UNGUARDED_AVAILABILITY = YES_AGGRESSIVE;
				CLANG_WARN_UNREACHABLE_CODE = YES;
				CLANG_WARN__DUPLICATE_METHOD_MATCH = YES;
				CODE_SIGN_IDENTITY = "iPhone Developer";
				COPY_PHASE_STRIP = NO;
				DEBUG_INFORMATION_FORMAT = dwarf;
				ENABLE_STRICT_OBJC_MSGSEND = YES;
				ENABLE_TESTABILITY = YES;
				GCC_C_LANGUAGE_STANDARD = gnu11;
				GCC_DYNAMIC_NO_PIC = NO;
				GCC_NO_COMMON_BLOCKS = YES;
				GCC_OPTIMIZATION_LEVEL = 0;
				GCC_PREPROCESSOR_DEFINITIONS = (
					"DEBUG=1",
					"$(inherited)",
				);
				GCC_WARN_64_TO_32_BIT_CONVERSION = YES;
				GCC_WARN_ABOUT_RETURN_TYPE = YES_ERROR;
				GCC_WARN_UNDECLARED_SELECTOR = YES;
				GCC_WARN_UNINITIALIZED_AUTOS = YES_AGGRESSIVE;
				GCC_WARN_UNUSED_FUNCTION = YES;
				GCC_WARN_UNUSED_VARIABLE = YES;
				IPHONEOS_DEPLOYMENT_TARGET = 12.2;
				MTL_ENABLE_DEBUG_INFO = INCLUDE_SOURCE;
				MTL_FAST_MATH = YES;
				ONLY_ACTIVE_ARCH = YES;
				SDKROOT = iphoneos;
				SWIFT_ACTIVE_COMPILATION_CONDITIONS = DEBUG;
				SWIFT_OPTIMIZATION_LEVEL = "-Onone";
			};
			name = Debug;
		};
		02330C8D22C522F400E5494B /* Release */ = {
			isa = XCBuildConfiguration;
			buildSettings = {
				ALWAYS_SEARCH_USER_PATHS = NO;
				CLANG_ANALYZER_NONNULL = YES;
				CLANG_ANALYZER_NUMBER_OBJECT_CONVERSION = YES_AGGRESSIVE;
				CLANG_CXX_LANGUAGE_STANDARD = "gnu++14";
				CLANG_CXX_LIBRARY = "libc++";
				CLANG_ENABLE_MODULES = YES;
				CLANG_ENABLE_OBJC_ARC = YES;
				CLANG_ENABLE_OBJC_WEAK = YES;
				CLANG_WARN_BLOCK_CAPTURE_AUTORELEASING = YES;
				CLANG_WARN_BOOL_CONVERSION = YES;
				CLANG_WARN_COMMA = YES;
				CLANG_WARN_CONSTANT_CONVERSION = YES;
				CLANG_WARN_DEPRECATED_OBJC_IMPLEMENTATIONS = YES;
				CLANG_WARN_DIRECT_OBJC_ISA_USAGE = YES_ERROR;
				CLANG_WARN_DOCUMENTATION_COMMENTS = YES;
				CLANG_WARN_EMPTY_BODY = YES;
				CLANG_WARN_ENUM_CONVERSION = YES;
				CLANG_WARN_INFINITE_RECURSION = YES;
				CLANG_WARN_INT_CONVERSION = YES;
				CLANG_WARN_NON_LITERAL_NULL_CONVERSION = YES;
				CLANG_WARN_OBJC_IMPLICIT_RETAIN_SELF = YES;
				CLANG_WARN_OBJC_LITERAL_CONVERSION = YES;
				CLANG_WARN_OBJC_ROOT_CLASS = YES_ERROR;
				CLANG_WARN_RANGE_LOOP_ANALYSIS = YES;
				CLANG_WARN_STRICT_PROTOTYPES = YES;
				CLANG_WARN_SUSPICIOUS_MOVE = YES;
				CLANG_WARN_UNGUARDED_AVAILABILITY = YES_AGGRESSIVE;
				CLANG_WARN_UNREACHABLE_CODE = YES;
				CLANG_WARN__DUPLICATE_METHOD_MATCH = YES;
				CODE_SIGN_IDENTITY = "iPhone Developer";
				COPY_PHASE_STRIP = NO;
				DEBUG_INFORMATION_FORMAT = "dwarf-with-dsym";
				ENABLE_NS_ASSERTIONS = NO;
				ENABLE_STRICT_OBJC_MSGSEND = YES;
				GCC_C_LANGUAGE_STANDARD = gnu11;
				GCC_NO_COMMON_BLOCKS = YES;
				GCC_WARN_64_TO_32_BIT_CONVERSION = YES;
				GCC_WARN_ABOUT_RETURN_TYPE = YES_ERROR;
				GCC_WARN_UNDECLARED_SELECTOR = YES;
				GCC_WARN_UNINITIALIZED_AUTOS = YES_AGGRESSIVE;
				GCC_WARN_UNUSED_FUNCTION = YES;
				GCC_WARN_UNUSED_VARIABLE = YES;
				IPHONEOS_DEPLOYMENT_TARGET = 12.2;
				MTL_ENABLE_DEBUG_INFO = NO;
				MTL_FAST_MATH = YES;
				SDKROOT = iphoneos;
				SWIFT_COMPILATION_MODE = wholemodule;
				SWIFT_OPTIMIZATION_LEVEL = "-O";
				VALIDATE_PRODUCT = YES;
			};
			name = Release;
		};
		02330C8F22C522F400E5494B /* Debug */ = {
			isa = XCBuildConfiguration;
			buildSettings = {
				ASSETCATALOG_COMPILER_APPICON_NAME = AppIcon;
				CODE_SIGN_STYLE = Automatic;
				DEVELOPMENT_TEAM = 9NCF99KQJ6;
				INFOPLIST_FILE = iDogs/Info.plist;
				LD_RUNPATH_SEARCH_PATHS = (
					"$(inherited)",
					"@executable_path/Frameworks",
				);
				PRODUCT_BUNDLE_IDENTIFIER = Lassale.iDogs;
				PRODUCT_NAME = "$(TARGET_NAME)";
				SWIFT_VERSION = 5.0;
				TARGETED_DEVICE_FAMILY = "1,2";
			};
			name = Debug;
		};
		02330C9022C522F400E5494B /* Release */ = {
			isa = XCBuildConfiguration;
			buildSettings = {
				ASSETCATALOG_COMPILER_APPICON_NAME = AppIcon;
				CODE_SIGN_STYLE = Automatic;
				DEVELOPMENT_TEAM = 9NCF99KQJ6;
				INFOPLIST_FILE = iDogs/Info.plist;
				LD_RUNPATH_SEARCH_PATHS = (
					"$(inherited)",
					"@executable_path/Frameworks",
				);
				PRODUCT_BUNDLE_IDENTIFIER = Lassale.iDogs;
				PRODUCT_NAME = "$(TARGET_NAME)";
				SWIFT_VERSION = 5.0;
				TARGETED_DEVICE_FAMILY = "1,2";
			};
			name = Release;
		};
/* End XCBuildConfiguration section */

/* Begin XCConfigurationList section */
		02330C7422C522F100E5494B /* Build configuration list for PBXProject "iDogs" */ = {
			isa = XCConfigurationList;
			buildConfigurations = (
				02330C8C22C522F400E5494B /* Debug */,
				02330C8D22C522F400E5494B /* Release */,
			);
			defaultConfigurationIsVisible = 0;
			defaultConfigurationName = Release;
		};
		02330C8E22C522F400E5494B /* Build configuration list for PBXNativeTarget "iDogs" */ = {
			isa = XCConfigurationList;
			buildConfigurations = (
				02330C8F22C522F400E5494B /* Debug */,
				02330C9022C522F400E5494B /* Release */,
			);
			defaultConfigurationIsVisible = 0;
			defaultConfigurationName = Release;
		};
/* End XCConfigurationList section */

/* Begin XCVersionGroup section */
		02330C8322C522F100E5494B /* iDogs.xcdatamodeld */ = {
			isa = XCVersionGroup;
			children = (
				02330C8422C522F100E5494B /* iDogs.xcdatamodel */,
			);
			currentVersion = 02330C8422C522F100E5494B /* iDogs.xcdatamodel */;
			path = iDogs.xcdatamodeld;
			sourceTree = "<group>";
			versionGroupType = wrapper.xcdatamodel;
		};
/* End XCVersionGroup section */
	};
	rootObject = 02330C7122C522F100E5494B /* Project object */;
}
